{
  "version": 1,
  "dependencies": {
    "net8.0": {
      "Microsoft.AspNetCore.Authentication.JwtBearer": {
        "type": "Direct",
        "requested": "[7.0.*, )",
        "resolved": "7.0.13",
        "contentHash": "h1B5heq5d7vRC/0CuXlcvNpKzIgZi11b9iURRBDAOSigWXTZlq62Tzix+zyIvOx5xeydE/tniTNSaqeJBQNB3Q==",
        "dependencies": {
          "Microsoft.IdentityModel.Protocols.OpenIdConnect": "6.15.1"
        }
      },
      "Microsoft.NET.ILLink.Tasks": {
        "type": "Direct",
        "requested": "[8.0.0-rc.2.23479.6, )",
        "resolved": "8.0.0-rc.2.23479.6",
        "contentHash": "neRDuxVI/tdf5yz/rLyD1kP3DkWx8uHTvb1wcqbjDn4QQDHmYHwcuHBnVVPYtBzMFmlVNmJMa91weUEhHx2z5A=="
      },
      "Microsoft.OpenApi": {
        "type": "Direct",
        "requested": "[1.6.9, )",
        "resolved": "1.6.9",
        "contentHash": "yJMqTNb98MMSFwtqmP2bqqGBLhIPsaP2Pcm/zBNWLaGGXtBd5eOM1nsGAufbPtjuuk6KaCtYgrpCaEhqdxwlJQ=="
      },
      "Swashbuckle.AspNetCore.SwaggerGen": {
        "type": "Direct",
        "requested": "[6.5.0, )",
        "resolved": "6.5.0",
        "contentHash": "Y/qW8Qdg9OEs7V013tt+94OdPxbRdbhcEbw4NiwGvf4YBcfhL/y7qp/Mjv/cENsQ2L3NqJ2AOu94weBy/h4KvA==",
        "dependencies": {
          "Swashbuckle.AspNetCore.Swagger": "6.5.0"
        }
      },
      "Microsoft.CSharp": {
        "type": "Transitive",
        "resolved": "4.5.0",
        "contentHash": "kaj6Wb4qoMuH3HySFJhxwQfe8R/sJsNJnANrvv8WdFPMoNbKY5htfNscv+LHCu5ipz+49m2e+WQXpLXr9XYemQ=="
      },
      "Microsoft.IdentityModel.JsonWebTokens": {
        "type": "Transitive",
        "resolved": "6.15.1",
        "contentHash": "X5K/Pt02agb1V+khh5u7Q8hg02IVTshxV5owpR7UdQ9zfs0+A6qzca0F9jyv3o8SlOjEFHBabs+5cp7Noofzvg==",
        "dependencies": {
          "Microsoft.IdentityModel.Tokens": "6.15.1"
        }
      },
      "Microsoft.IdentityModel.Logging": {
        "type": "Transitive",
        "resolved": "6.15.1",
        "contentHash": "PpZHL/Bt/8vQ8g/6LxweuI1EusV0ogUBYnGM+bPeL/SG89gx2n05xKNE/U5JNEkLFLL+sk7O8T7c/PXhFtUtUg=="
      },
      "Microsoft.IdentityModel.Protocols": {
        "type": "Transitive",
        "resolved": "6.15.1",
        "contentHash": "6nHr+4yE8vj620Vy4L0pl7kmkvWc06wBrJ+AOo/gjqzu/UD/MYgySUqRGlZYrvvNmKkUWMw4hdn78MPCb4bstA==",
        "dependencies": {
          "Microsoft.IdentityModel.Logging": "6.15.1",
          "Microsoft.IdentityModel.Tokens": "6.15.1"
        }
      },
      "Microsoft.IdentityModel.Protocols.OpenIdConnect": {
        "type": "Transitive",
        "resolved": "6.15.1",
        "contentHash": "WwecgT/PNrytLNUWjkYtnnG2LXMAzkINSaZM+8dPPiEpOGz1bQDBWAenTSurYICxGoA1sOPriFXk+ocnQyprKw==",
        "dependencies": {
          "Microsoft.IdentityModel.Protocols": "6.15.1",
          "System.IdentityModel.Tokens.Jwt": "6.15.1"
        }
      },
      "Microsoft.IdentityModel.Tokens": {
        "type": "Transitive",
        "resolved": "6.15.1",
        "contentHash": "0bd0ocKuNai0/GdhboIW37R6z8I0vFqlmiPeG055SJxPPJ7dfBo2tjJ3bPV9vjFCRDuusj24dldOsg4hWui6iw==",
        "dependencies": {
          "Microsoft.CSharp": "4.5.0",
          "Microsoft.IdentityModel.Logging": "6.15.1",
          "System.Security.Cryptography.Cng": "4.5.0"
        }
      },
      "Swashbuckle.AspNetCore.Swagger": {
        "type": "Transitive",
        "resolved": "6.5.0",
        "contentHash": "XWmCmqyFmoItXKFsQSwQbEAsjDKcxlNf1l+/Ki42hcb6LjKL8m5Db69OTvz5vLonMSRntYO1XLqz0OP+n3vKnA==",
        "dependencies": {
          "Microsoft.OpenApi": "1.2.3"
        }
      },
      "System.IdentityModel.Tokens.Jwt": {
        "type": "Transitive",
        "resolved": "6.15.1",
        "contentHash": "q3ZLyWmpX4+jW4XITf7Axd+9sC6w2NrQaKcQQT9A8waoknHgaNwSeookpUmPMQDqS0afT9Lh0JYub196vzuzbA==",
        "dependencies": {
          "Microsoft.IdentityModel.JsonWebTokens": "6.15.1",
          "Microsoft.IdentityModel.Tokens": "6.15.1"
        }
      },
      "System.Security.Cryptography.Cng": {
        "type": "Transitive",
        "resolved": "4.5.0",
        "contentHash": "WG3r7EyjUe9CMPFSs6bty5doUqT+q9pbI80hlNzo2SkPkZ4VTuZkGWjpp77JB8+uaL4DFPRdBsAY+DX3dBK92A=="
      }
    }
  }
}